
Microsoft Visual Studio Solution File, Format Version 12.00
# Visual Studio Version 16
VisualStudioVersion = 16.0.30204.135
MinimumVisualStudioVersion = 10.0.40219.1
Project("{9A19103F-16F7-4668-BE54-9A1E7A4F7556}") = "Entities", "Entities\Entities.csproj", "{4373205F-12DF-45A9-8802-C5CBA6E10706}"
EndProject
Project("{9A19103F-16F7-4668-BE54-9A1E7A4F7556}") = "ORM", "ORM\ORM.csproj", "{63128EF0-A5A8-4F83-9BE6-551592E8ABE9}"
EndProject
Project("{FAE04EC0-301F-11D3-BF4B-00C04F79EFBC}") = "AppAspNetCore", "AppAspNetCore\AppAspNetCore.csproj", "{67015C95-9548-4D23-896E-4DCBF9CB96FE}"
EndProject
Global
	GlobalSection(SolutionConfigurationPlatforms) = preSolution
		Debug|Any CPU = Debug|Any CPU
		Release|Any CPU = Release|Any CPU
	EndGlobalSection
	GlobalSection(ProjectConfigurationPlatforms) = postSolution
		{4373205F-12DF-45A9-8802-C5CBA6E10706}.Debug|Any CPU.ActiveCfg = Debug|Any CPU
		{4373205F-12DF-45A9-8802-C5CBA6E10706}.Debug|Any CPU.Build.0 = Debug|Any CPU
		{4373205F-12DF-45A9-8802-C5CBA6E10706}.Release|Any CPU.ActiveCfg = Release|Any CPU
		{4373205F-12DF-45A9-8802-C5CBA6E10706}.Release|Any CPU.Build.0 = Release|Any CPU
		{63128EF0-A5A8-4F83-9BE6-551592E8ABE9}.Debug|Any CPU.ActiveCfg = Debug|Any CPU
		{63128EF0-A5A8-4F83-9BE6-551592E8ABE9}.Debug|Any CPU.Build.0 = Debug|Any CPU
		{63128EF0-A5A8-4F83-9BE6-551592E8ABE9}.Release|Any CPU.ActiveCfg = Release|Any CPU
		{63128EF0-A5A8-4F83-9BE6-551592E8ABE9}.Release|Any CPU.Build.0 = Release|Any CPU
		{67015C95-9548-4D23-896E-4DCBF9CB96FE}.Debug|Any CPU.ActiveCfg = Debug|Any CPU
		{67015C95-9548-4D23-896E-4DCBF9CB96FE}.Debug|Any CPU.Build.0 = Debug|Any CPU
		{67015C95-9548-4D23-896E-4DCBF9CB96FE}.Release|Any CPU.ActiveCfg = Release|Any CPU
		{67015C95-9548-4D23-896E-4DCBF9CB96FE}.Release|Any CPU.Build.0 = Release|Any CPU
	EndGlobalSection
	GlobalSection(SolutionProperties) = preSolution
		HideSolutionNode = FALSE
	EndGlobalSection
	GlobalSection(ExtensibilityGlobals) = postSolution
		SolutionGuid = {50B90EF2-4EA0-4472-BD86-6088C1D9FE58}
	EndGlobalSection
EndGlobal
